
Microsoft Visual Studio Solution File, Format Version 12.00
# Visual Studio Version 17
VisualStudioVersion = 17.3.32929.385
MinimumVisualStudioVersion = 10.0.40219.1
Project("{9A19103F-16F7-4668-BE54-9A1E7A4F7556}") = "telnet-proxy", "telnet-proxy.csproj", "{F8659B7A-5F9E-41DD-9A08-ACC7C71ABAA5}"
EndProject
Global
	GlobalSection(SolutionConfigurationPlatforms) = preSolution
		Debug|Any CPU = Debug|Any CPU
		Release|Any CPU = Release|Any CPU
	EndGlobalSection
	GlobalSection(ProjectConfigurationPlatforms) = postSolution
		{F8659B7A-5F9E-41DD-9A08-ACC7C71ABAA5}.Debug|Any CPU.ActiveCfg = Debug|Any CPU
		{F8659B7A-5F9E-41DD-9A08-ACC7C71ABAA5}.Debug|Any CPU.Build.0 = Debug|Any CPU
		{F8659B7A-5F9E-41DD-9A08-ACC7C71ABAA5}.Release|Any CPU.ActiveCfg = Release|Any CPU
		{F8659B7A-5F9E-41DD-9A08-ACC7C71ABAA5}.Release|Any CPU.Build.0 = Release|Any CPU
	EndGlobalSection
	GlobalSection(SolutionProperties) = preSolution
		HideSolutionNode = FALSE
	EndGlobalSection
	GlobalSection(ExtensibilityGlobals) = postSolution
		SolutionGuid = {2EE4FCB2-F0B2-45BB-BEFF-B6BC1B4564D8}
	EndGlobalSection
EndGlobal
